
Microsoft Visual Studio Solution File, Format Version 12.00
# Visual Studio Version 17
VisualStudioVersion = 17.5.002.0
MinimumVisualStudioVersion = 10.0.40219.1
Project("{2150E333-8FDC-42A3-9474-1A3956D46DE8}") = "back", "back", "{2AE971AA-695A-4998-947D-603C4E8E882B}"
EndProject
Project("{2150E333-8FDC-42A3-9474-1A3956D46DE8}") = "src", "src", "{E98A53B3-B521-4645-BA26-4426281C5F94}"
EndProject
Project("{9A19103F-16F7-4668-BE54-9A1E7A4F7556}") = "Ativ.API", "back\src\Ativ.API\Ativ.API.csproj", "{3C19D43E-C1DD-4F07-8948-1BFD9B2A1F5A}"
EndProject
Global
	GlobalSection(SolutionConfigurationPlatforms) = preSolution
		Debug|Any CPU = Debug|Any CPU
		Release|Any CPU = Release|Any CPU
	EndGlobalSection
	GlobalSection(ProjectConfigurationPlatforms) = postSolution
		{3C19D43E-C1DD-4F07-8948-1BFD9B2A1F5A}.Debug|Any CPU.ActiveCfg = Debug|Any CPU
		{3C19D43E-C1DD-4F07-8948-1BFD9B2A1F5A}.Debug|Any CPU.Build.0 = Debug|Any CPU
		{3C19D43E-C1DD-4F07-8948-1BFD9B2A1F5A}.Release|Any CPU.ActiveCfg = Release|Any CPU
		{3C19D43E-C1DD-4F07-8948-1BFD9B2A1F5A}.Release|Any CPU.Build.0 = Release|Any CPU
	EndGlobalSection
	GlobalSection(SolutionProperties) = preSolution
		HideSolutionNode = FALSE
	EndGlobalSection
	GlobalSection(NestedProjects) = preSolution
		{E98A53B3-B521-4645-BA26-4426281C5F94} = {2AE971AA-695A-4998-947D-603C4E8E882B}
		{3C19D43E-C1DD-4F07-8948-1BFD9B2A1F5A} = {E98A53B3-B521-4645-BA26-4426281C5F94}
	EndGlobalSection
	GlobalSection(ExtensibilityGlobals) = postSolution
		SolutionGuid = {83B597E3-63D2-4A4D-9B4E-940FD6ABC242}
	EndGlobalSection
EndGlobal
